{
  "version": 4,
  "terraform_version": "1.4.0",
  "serial": 9,
  "lineage": "9969f6f7-1548-2a54-9dfe-696656b39431",
  "outputs": {},
  "resources": [
    {
      "mode": "data",
      "type": "alicloud_cen_transit_router_available_resources",
      "name": "default",
      "provider": "provider[\"registry.terraform.io/aliyun/alicloud\"]",
      "instances": [
        {
          "schema_version": 0,
          "attributes": {
            "id": "410951012",
            "output_file": null,
            "resources": [
              {
                "master_zones": [
                  "cn-beijing-g",
                  "cn-beijing-h",
                  "cn-beijing-j",
                  "cn-beijing-k",
                  "cn-beijing-i",
                  "cn-beijing-l"
                ],
                "slave_zones": [
                  "cn-beijing-g",
                  "cn-beijing-h",
                  "cn-beijing-j",
                  "cn-beijing-k",
                  "cn-beijing-i",
                  "cn-beijing-l"
                ]
              }
            ]
          },
          "sensitive_attributes": []
        }
      ]
    },
    {
      "mode": "managed",
      "type": "alicloud_security_group",
      "name": "ethan_group",
      "provider": "provider[\"registry.terraform.io/aliyun/alicloud\"]",
      "instances": [
        {
          "schema_version": 0,
          "attributes": {
            "description": "New security group",
            "id": "sg-2zehwjj1punoo0cuo1g2",
            "inner_access": true,
            "inner_access_policy": "Accept",
            "name": "terraform-test-group",
            "resource_group_id": "",
            "security_group_type": "normal",
            "tags": {},
            "vpc_id": "vpc-2ze3nnovejiu4sqcpe6qu"
          },
          "sensitive_attributes": [],
          "private": "bnVsbA==",
          "dependencies": [
            "alicloud_vpc.default-vpc"
          ]
        }
      ]
    },
    {
      "mode": "managed",
      "type": "alicloud_security_group_rule",
      "name": "allow_all_tcp_6666",
      "provider": "provider[\"registry.terraform.io/aliyun/alicloud\"]",
      "instances": [
        {
          "schema_version": 0,
          "attributes": {
            "cidr_ip": "0.0.0.0/0",
            "description": "",
            "id": "sg-2zehwjj1punoo0cuo1g2:ingress:tcp:6666/6666:intranet:0.0.0.0/0:accept:1",
            "ip_protocol": "tcp",
            "ipv6_cidr_ip": "",
            "nic_type": "intranet",
            "policy": "accept",
            "port_range": "6666/6666",
            "prefix_list_id": "",
            "priority": 1,
            "security_group_id": "sg-2zehwjj1punoo0cuo1g2",
            "source_group_owner_account": "",
            "source_security_group_id": "",
            "type": "ingress"
          },
          "sensitive_attributes": [],
          "private": "bnVsbA==",
          "dependencies": [
            "alicloud_security_group.ethan_group"
          ]
        }
      ]
    },
    {
      "mode": "managed",
      "type": "alicloud_vpc",
      "name": "default-vpc",
      "provider": "provider[\"registry.terraform.io/aliyun/alicloud\"]",
      "instances": [
        {
          "schema_version": 0,
          "attributes": {
            "cidr_block": "192.168.0.0/16",
            "description": "",
            "dry_run": null,
            "enable_ipv6": null,
            "id": "vpc-2ze3nnovejiu4sqcpe6qu",
            "ipv6_cidr_block": "",
            "name": "sdk_rebot_cen_tr_yaochi",
            "resource_group_id": "rg-acfm2hstixyqliy",
            "route_table_id": "vtb-2zeur0fryobbnwj9le0fc",
            "router_id": "vrt-2ze82p4ovshfz4lrkz1k7",
            "router_table_id": "vtb-2zeur0fryobbnwj9le0fc",
            "secondary_cidr_blocks": [],
            "status": "Available",
            "tags": null,
            "timeouts": null,
            "user_cidrs": [],
            "vpc_name": "sdk_rebot_cen_tr_yaochi"
          },
          "sensitive_attributes": [],
          "private": "eyJlMmJmYjczMC1lY2FhLTExZTYtOGY4OC0zNDM2M2JjN2M0YzAiOnsiY3JlYXRlIjo2MDAwMDAwMDAwMDAsImRlbGV0ZSI6NjAwMDAwMDAwMDAwfX0="
        }
      ]
    },
    {
      "mode": "managed",
      "type": "alicloud_vswitch",
      "name": "default-vs",
      "provider": "provider[\"registry.terraform.io/aliyun/alicloud\"]",
      "instances": [
        {
          "schema_version": 0,
          "attributes": {
            "availability_zone": "cn-beijing-g",
            "cidr_block": "192.168.1.0/24",
            "description": "",
            "enable_ipv6": null,
            "id": "vsw-2zel80vqmed8by6a0ys7x",
            "ipv6_cidr_block": "",
            "ipv6_cidr_block_mask": null,
            "name": "sdk_rebot_cen_tr_yaochi",
            "status": "Available",
            "tags": {},
            "timeouts": null,
            "vpc_id": "vpc-2ze3nnovejiu4sqcpe6qu",
            "vswitch_name": "sdk_rebot_cen_tr_yaochi",
            "zone_id": "cn-beijing-g"
          },
          "sensitive_attributes": [],
          "private": "eyJlMmJmYjczMC1lY2FhLTExZTYtOGY4OC0zNDM2M2JjN2M0YzAiOnsiY3JlYXRlIjo2MDAwMDAwMDAwMDAsImRlbGV0ZSI6NjAwMDAwMDAwMDAwfX0=",
          "dependencies": [
            "alicloud_vpc.default-vpc",
            "data.alicloud_cen_transit_router_available_resources.default"
          ]
        }
      ]
    }
  ],
  "check_results": null
}
